
Microsoft Visual Studio Solution File, Format Version 12.00
# Visual Studio Version 17
VisualStudioVersion = 17.0.32014.148
MinimumVisualStudioVersion = 10.0.40219.1
Project("{8BC9CEB8-8B4A-11D0-8D11-00A0C91BC942}") = "in", "artsung\artsung.vcxproj", "{98BA9FE1-8778-43D9-AC8C-4E5157D3976A}"
EndProject
Project("{8BC9CEB8-8B4A-11D0-8D11-00A0C91BC942}") = "out", "out\out.vcxproj", "{7501CE2E-90DF-45C7-9C90-28C07D15C207}"
EndProject
Project("{8BC9CEB8-8B4A-11D0-8D11-00A0C91BC942}") = "func", "func\func.vcxproj", "{EC62C8A7-0C51-4C0C-8042-D778F10F1400}"
EndProject
Project("{8BC9CEB8-8B4A-11D0-8D11-00A0C91BC942}") = "local", "local\local.vcxproj", "{D4F9CA61-B008-442A-AF1B-FE0F62BE2E1E}"
EndProject
Project("{8BC9CEB8-8B4A-11D0-8D11-00A0C91BC942}") = "math", "math\math.vcxproj", "{D5F0DF4D-AC9E-42A8-A1FB-A73CE613451B}"
EndProject
Project("{8BC9CEB8-8B4A-11D0-8D11-00A0C91BC942}") = "definition", "definition\definition.vcxproj", "{C1EB1759-4B71-4C5D-BC91-0EAA2D18A952}"
EndProject
Project("{8BC9CEB8-8B4A-11D0-8D11-00A0C91BC942}") = "namespace", "namespace\namespace.vcxproj", "{06A242DC-96F8-4D4E-B6EA-766A55E1D567}"
EndProject
Project("{8BC9CEB8-8B4A-11D0-8D11-00A0C91BC942}") = "pre", "pre\pre.vcxproj", "{3A3E5A54-BFF3-4181-A22A-DD6FADCA790A}"
EndProject
Project("{8BC9CEB8-8B4A-11D0-8D11-00A0C91BC942}") = "type", "type\type.vcxproj", "{2EF129DF-7307-4A53-92A2-9956AE2339B8}"
EndProject
Project("{8BC9CEB8-8B4A-11D0-8D11-00A0C91BC942}") = "char", "ConsoleApplication1\ConsoleApplication1.vcxproj", "{A413BFDD-F920-437C-9336-668253740FD4}"
EndProject
Project("{8BC9CEB8-8B4A-11D0-8D11-00A0C91BC942}") = "literal_constants", "ConsoleApplication2\ConsoleApplication2.vcxproj", "{5F90698B-825F-4E7D-8947-708625A71C2D}"
EndProject
Project("{8BC9CEB8-8B4A-11D0-8D11-00A0C91BC942}") = "math2", "ConsoleApplication3\ConsoleApplication3.vcxproj", "{EF4695E7-ABE1-46DD-A86B-1B4F1F14F569}"
EndProject
Project("{8BC9CEB8-8B4A-11D0-8D11-00A0C91BC942}") = "bool", "ConsoleApplication4\ConsoleApplication4.vcxproj", "{37BF1B4F-114C-4C4C-8C09-AFB5F5DCBF3A}"
EndProject
Project("{8BC9CEB8-8B4A-11D0-8D11-00A0C91BC942}") = "float", "ConsoleApplication5\ConsoleApplication5.vcxproj", "{9BE85FC7-F8F5-417D-B49E-FCC24EEDC69A}"
EndProject
Project("{8BC9CEB8-8B4A-11D0-8D11-00A0C91BC942}") = "bit_math", "demical\demical.vcxproj", "{717CA1A7-3FBE-4086-B7DB-1A6899F52A85}"
EndProject
Project("{8BC9CEB8-8B4A-11D0-8D11-00A0C91BC942}") = "scope", "scope\scope.vcxproj", "{BA73920F-CE25-4E65-8847-925EA8A99F2B}"
EndProject
Project("{8BC9CEB8-8B4A-11D0-8D11-00A0C91BC942}") = "conversion", "ConsoleApplication6\ConsoleApplication6.vcxproj", "{39AB0CED-E019-45B0-A11B-2717EB7E8A2B}"
EndProject
Project("{8BC9CEB8-8B4A-11D0-8D11-00A0C91BC942}") = "if", "if\if.vcxproj", "{136C7371-C038-458F-BA7F-195F6AF130AA}"
EndProject
Project("{8BC9CEB8-8B4A-11D0-8D11-00A0C91BC942}") = "switch_case", "switch_case\switch_case.vcxproj", "{695258EC-5050-4896-8A0D-C58512392A47}"
EndProject
Project("{8BC9CEB8-8B4A-11D0-8D11-00A0C91BC942}") = "goto", "goto\goto.vcxproj", "{90D60E83-80B4-47CA-9914-6BB4516DE73D}"
EndProject
Project("{8BC9CEB8-8B4A-11D0-8D11-00A0C91BC942}") = "while", "while\while.vcxproj", "{DD43BA3A-FB9B-4558-A8D0-9775DC53F29C}"
EndProject
Project("{8BC9CEB8-8B4A-11D0-8D11-00A0C91BC942}") = "while_do", "while_do\while_do.vcxproj", "{173D8236-CD40-49BF-BB15-4CECB4D3C245}"
EndProject
Project("{8BC9CEB8-8B4A-11D0-8D11-00A0C91BC942}") = "for", "for\for.vcxproj", "{9BAD7B76-79C5-419B-925F-D7C056EC5CA7}"
EndProject
Project("{8BC9CEB8-8B4A-11D0-8D11-00A0C91BC942}") = "break_continue", "break_continue\break_continue.vcxproj", "{E46782FD-F40A-4A44-988A-3711AA8C22E2}"
EndProject
Project("{8BC9CEB8-8B4A-11D0-8D11-00A0C91BC942}") = "nansu", "nansu\nansu.vcxproj", "{9D5346E2-B609-4BC1-A2B9-DF34C8079F8D}"
EndProject
Project("{8BC9CEB8-8B4A-11D0-8D11-00A0C91BC942}") = "array", "array\array.vcxproj", "{48F5345E-464C-47AA-A6BA-C32963972B3B}"
EndProject
Project("{8BC9CEB8-8B4A-11D0-8D11-00A0C91BC942}") = "array2", "array2\array2.vcxproj", "{FE9678C3-6759-4175-A71F-D7320BDDCF58}"
EndProject
Project("{8BC9CEB8-8B4A-11D0-8D11-00A0C91BC942}") = "array3", "array3\array3.vcxproj", "{FB4EA27A-1231-42C2-84E0-89516AE07440}"
EndProject
Project("{8BC9CEB8-8B4A-11D0-8D11-00A0C91BC942}") = "pointer", "pointer\pointer.vcxproj", "{DC021896-DD6B-4840-9537-75C9997D8F22}"
EndProject
Project("{8BC9CEB8-8B4A-11D0-8D11-00A0C91BC942}") = "nullpointer", "nullpointer\nullpointer.vcxproj", "{676A9827-1688-45A6-82AB-45996DC1D3E3}"
EndProject
Project("{8BC9CEB8-8B4A-11D0-8D11-00A0C91BC942}") = "pointer2", "pointer2\pointer2.vcxproj", "{1E9C48BA-6EEA-44D0-A8FE-D02BD5117F49}"
EndProject
Project("{8BC9CEB8-8B4A-11D0-8D11-00A0C91BC942}") = "tetris", "tetris\tetris.vcxproj", "{A1E9D158-E19F-496B-BF2A-069192533761}"
EndProject
Project("{8BC9CEB8-8B4A-11D0-8D11-00A0C91BC942}") = "pointer3", "pointer3\pointer3.vcxproj", "{1E202112-3ABA-4255-B33F-DB226FCD16F3}"
EndProject
Project("{8BC9CEB8-8B4A-11D0-8D11-00A0C91BC942}") = "pointer4", "pointer4\pointer4.vcxproj", "{37D881E8-5485-4E5F-BB2D-DC9CAD48B330}"
EndProject
Project("{8BC9CEB8-8B4A-11D0-8D11-00A0C91BC942}") = "pointer5", "pointer5\pointer5.vcxproj", "{0C859ED2-DE56-4D16-B2DB-9936A792B090}"
EndProject
Project("{8BC9CEB8-8B4A-11D0-8D11-00A0C91BC942}") = "reference_variable", "reference variable\reference variable.vcxproj", "{4A37D616-777A-4CA9-94AB-897E14932582}"
EndProject
Project("{8BC9CEB8-8B4A-11D0-8D11-00A0C91BC942}") = "stdarray", "stdarray\stdarray.vcxproj", "{E0EFFF1C-8BE7-46B4-8793-CC383BBEC359}"
EndProject
Project("{8BC9CEB8-8B4A-11D0-8D11-00A0C91BC942}") = "stdvector", "stdvector\stdvector.vcxproj", "{66BF0D95-42BA-4493-83F5-310E5E817181}"
EndProject
Project("{8BC9CEB8-8B4A-11D0-8D11-00A0C91BC942}") = "func2", "func2\func2.vcxproj", "{CDAA5F67-E44A-46D8-B599-6D28659AAC81}"
EndProject
Project("{8BC9CEB8-8B4A-11D0-8D11-00A0C91BC942}") = "funcPointer", "funcPointer\funcPointer.vcxproj", "{7C3724B7-A971-4216-A43A-C74E549209D0}"
EndProject
Project("{8BC9CEB8-8B4A-11D0-8D11-00A0C91BC942}") = "self_func", "self_func\self_func.vcxproj", "{886C2DC3-A4E8-4B9B-BE3F-33C6EBEC8123}"
EndProject
Project("{8BC9CEB8-8B4A-11D0-8D11-00A0C91BC942}") = "assert", "assert\assert.vcxproj", "{74671CB3-6AC9-4814-93B4-4B6C4B6152C6}"
EndProject
Project("{8BC9CEB8-8B4A-11D0-8D11-00A0C91BC942}") = "class", "class\class.vcxproj", "{A5C25CE7-1E8A-4992-92DA-42AD90DA0928}"
EndProject
Project("{8BC9CEB8-8B4A-11D0-8D11-00A0C91BC942}") = "class2", "class2\class2.vcxproj", "{EA7FE106-1E93-48D9-9958-64BFEC3E34F2}"
EndProject
Project("{8BC9CEB8-8B4A-11D0-8D11-00A0C91BC942}") = "class3", "class3\class3.vcxproj", "{0A01C256-8D39-49A7-A578-27EA79476443}"
EndProject
Project("{8BC9CEB8-8B4A-11D0-8D11-00A0C91BC942}") = "class_Double", "class4\class4.vcxproj", "{7CE58D5D-CEAA-480C-AB5B-039FAEDCEBB5}"
EndProject
Project("{8BC9CEB8-8B4A-11D0-8D11-00A0C91BC942}") = "class5", "class5\class5.vcxproj", "{4EFB5765-88C7-455A-919E-B721E3748A9B}"
EndProject
Project("{8BC9CEB8-8B4A-11D0-8D11-00A0C91BC942}") = "class6_destructor", "class6\class6.vcxproj", "{878F13CD-6DE8-4BB4-A690-8886A97B409A}"
EndProject
Project("{8BC9CEB8-8B4A-11D0-8D11-00A0C91BC942}") = "this", "this\this.vcxproj", "{7E6A45C7-C7AF-4E86-ABB6-63A0F91D5FCF}"
EndProject
Project("{8BC9CEB8-8B4A-11D0-8D11-00A0C91BC942}") = "static_variable", "static_variable\static_variable.vcxproj", "{86C43554-AB15-4F8F-9529-8267FC3D4467}"
EndProject
Project("{8BC9CEB8-8B4A-11D0-8D11-00A0C91BC942}") = "static_func", "static_func\static_func.vcxproj", "{1DC7CD2B-5DBA-4295-B3F7-66F6B974338C}"
EndProject
Project("{8BC9CEB8-8B4A-11D0-8D11-00A0C91BC942}") = "friend", "friend\friend.vcxproj", "{879A925B-6B4B-4912-B0B8-F9180DA36585}"
EndProject
Project("{8BC9CEB8-8B4A-11D0-8D11-00A0C91BC942}") = "class7", "class7\class7.vcxproj", "{D4D872F0-913E-4E7D-8C78-62E3AC45413A}"
EndProject
Project("{8BC9CEB8-8B4A-11D0-8D11-00A0C91BC942}") = "class8", "class8\class8.vcxproj", "{613E7592-5055-4A66-9154-BDE5FF806E8B}"
EndProject
Project("{8BC9CEB8-8B4A-11D0-8D11-00A0C91BC942}") = "class_composiition", "class_composiition\class_composiition.vcxproj", "{8DF1595E-C41F-4EA1-A59E-6A5D88359039}"
EndProject
Project("{8BC9CEB8-8B4A-11D0-8D11-00A0C91BC942}") = "class_association★", "class_association\class_association.vcxproj", "{0AEC3359-1A2E-4C76-9ACB-2166205F863C}"
EndProject
Project("{8BC9CEB8-8B4A-11D0-8D11-00A0C91BC942}") = "inher", "inher\inher.vcxproj", "{FF08CF5B-25F7-472F-A9A5-D4BBD9F4FF02}"
EndProject
Project("{8BC9CEB8-8B4A-11D0-8D11-00A0C91BC942}") = "inher2", "inher2\inher2.vcxproj", "{289D9276-61B9-41A5-83BE-6D603672BB7E}"
EndProject
Project("{8BC9CEB8-8B4A-11D0-8D11-00A0C91BC942}") = "inher3", "inher3\inher3.vcxproj", "{E8986071-FE09-4115-921B-B88F29CDB433}"
EndProject
Project("{8BC9CEB8-8B4A-11D0-8D11-00A0C91BC942}") = "sutdy1", "sutdy1\sutdy1.vcxproj", "{6E2B55DB-E0FC-45AE-8857-31483A42A7FD}"
EndProject
Project("{8BC9CEB8-8B4A-11D0-8D11-00A0C91BC942}") = "template", "templet\templet.vcxproj", "{5B36E517-C445-4104-BADB-FE37B97BCF51}"
EndProject
Project("{8BC9CEB8-8B4A-11D0-8D11-00A0C91BC942}") = "template2", "template2\template2.vcxproj", "{35B80C6C-3D3B-47B2-A45B-CB486ADD85F2}"
EndProject
Project("{8BC9CEB8-8B4A-11D0-8D11-00A0C91BC942}") = "codingtest", "codingtest\codingtest.vcxproj", "{3085523E-7EB8-4859-94C5-DE3EE9F4BFCC}"
EndProject
Project("{8BC9CEB8-8B4A-11D0-8D11-00A0C91BC942}") = "server", "server\server.vcxproj", "{71057A88-D42D-4793-8D65-6362CDEB3517}"
EndProject
Global
	GlobalSection(SolutionConfigurationPlatforms) = preSolution
		Debug|x64 = Debug|x64
		Debug|x86 = Debug|x86
		Release|x64 = Release|x64
		Release|x86 = Release|x86
	EndGlobalSection
	GlobalSection(ProjectConfigurationPlatforms) = postSolution
		{98BA9FE1-8778-43D9-AC8C-4E5157D3976A}.Debug|x64.ActiveCfg = Debug|x64
		{98BA9FE1-8778-43D9-AC8C-4E5157D3976A}.Debug|x64.Build.0 = Debug|x64
		{98BA9FE1-8778-43D9-AC8C-4E5157D3976A}.Debug|x86.ActiveCfg = Debug|Win32
		{98BA9FE1-8778-43D9-AC8C-4E5157D3976A}.Debug|x86.Build.0 = Debug|Win32
		{98BA9FE1-8778-43D9-AC8C-4E5157D3976A}.Release|x64.ActiveCfg = Release|x64
		{98BA9FE1-8778-43D9-AC8C-4E5157D3976A}.Release|x64.Build.0 = Release|x64
		{98BA9FE1-8778-43D9-AC8C-4E5157D3976A}.Release|x86.ActiveCfg = Release|Win32
		{98BA9FE1-8778-43D9-AC8C-4E5157D3976A}.Release|x86.Build.0 = Release|Win32
		{7501CE2E-90DF-45C7-9C90-28C07D15C207}.Debug|x64.ActiveCfg = Debug|x64
		{7501CE2E-90DF-45C7-9C90-28C07D15C207}.Debug|x64.Build.0 = Debug|x64
		{7501CE2E-90DF-45C7-9C90-28C07D15C207}.Debug|x86.ActiveCfg = Debug|Win32
		{7501CE2E-90DF-45C7-9C90-28C07D15C207}.Debug|x86.Build.0 = Debug|Win32
		{7501CE2E-90DF-45C7-9C90-28C07D15C207}.Release|x64.ActiveCfg = Release|x64
		{7501CE2E-90DF-45C7-9C90-28C07D15C207}.Release|x64.Build.0 = Release|x64
		{7501CE2E-90DF-45C7-9C90-28C07D15C207}.Release|x86.ActiveCfg = Release|Win32
		{7501CE2E-90DF-45C7-9C90-28C07D15C207}.Release|x86.Build.0 = Release|Win32
		{EC62C8A7-0C51-4C0C-8042-D778F10F1400}.Debug|x64.ActiveCfg = Debug|x64
		{EC62C8A7-0C51-4C0C-8042-D778F10F1400}.Debug|x64.Build.0 = Debug|x64
		{EC62C8A7-0C51-4C0C-8042-D778F10F1400}.Debug|x86.ActiveCfg = Debug|Win32
		{EC62C8A7-0C51-4C0C-8042-D778F10F1400}.Debug|x86.Build.0 = Debug|Win32
		{EC62C8A7-0C51-4C0C-8042-D778F10F1400}.Release|x64.ActiveCfg = Release|x64
		{EC62C8A7-0C51-4C0C-8042-D778F10F1400}.Release|x64.Build.0 = Release|x64
		{EC62C8A7-0C51-4C0C-8042-D778F10F1400}.Release|x86.ActiveCfg = Release|Win32
		{EC62C8A7-0C51-4C0C-8042-D778F10F1400}.Release|x86.Build.0 = Release|Win32
		{D4F9CA61-B008-442A-AF1B-FE0F62BE2E1E}.Debug|x64.ActiveCfg = Debug|x64
		{D4F9CA61-B008-442A-AF1B-FE0F62BE2E1E}.Debug|x64.Build.0 = Debug|x64
		{D4F9CA61-B008-442A-AF1B-FE0F62BE2E1E}.Debug|x86.ActiveCfg = Debug|Win32
		{D4F9CA61-B008-442A-AF1B-FE0F62BE2E1E}.Debug|x86.Build.0 = Debug|Win32
		{D4F9CA61-B008-442A-AF1B-FE0F62BE2E1E}.Release|x64.ActiveCfg = Release|x64
		{D4F9CA61-B008-442A-AF1B-FE0F62BE2E1E}.Release|x64.Build.0 = Release|x64
		{D4F9CA61-B008-442A-AF1B-FE0F62BE2E1E}.Release|x86.ActiveCfg = Release|Win32
		{D4F9CA61-B008-442A-AF1B-FE0F62BE2E1E}.Release|x86.Build.0 = Release|Win32
		{D5F0DF4D-AC9E-42A8-A1FB-A73CE613451B}.Debug|x64.ActiveCfg = Debug|x64
		{D5F0DF4D-AC9E-42A8-A1FB-A73CE613451B}.Debug|x64.Build.0 = Debug|x64
		{D5F0DF4D-AC9E-42A8-A1FB-A73CE613451B}.Debug|x86.ActiveCfg = Debug|Win32
		{D5F0DF4D-AC9E-42A8-A1FB-A73CE613451B}.Debug|x86.Build.0 = Debug|Win32
		{D5F0DF4D-AC9E-42A8-A1FB-A73CE613451B}.Release|x64.ActiveCfg = Release|x64
		{D5F0DF4D-AC9E-42A8-A1FB-A73CE613451B}.Release|x64.Build.0 = Release|x64
		{D5F0DF4D-AC9E-42A8-A1FB-A73CE613451B}.Release|x86.ActiveCfg = Release|Win32
		{D5F0DF4D-AC9E-42A8-A1FB-A73CE613451B}.Release|x86.Build.0 = Release|Win32
		{C1EB1759-4B71-4C5D-BC91-0EAA2D18A952}.Debug|x64.ActiveCfg = Debug|x64
		{C1EB1759-4B71-4C5D-BC91-0EAA2D18A952}.Debug|x64.Build.0 = Debug|x64
		{C1EB1759-4B71-4C5D-BC91-0EAA2D18A952}.Debug|x86.ActiveCfg = Debug|Win32
		{C1EB1759-4B71-4C5D-BC91-0EAA2D18A952}.Debug|x86.Build.0 = Debug|Win32
		{C1EB1759-4B71-4C5D-BC91-0EAA2D18A952}.Release|x64.ActiveCfg = Release|x64
		{C1EB1759-4B71-4C5D-BC91-0EAA2D18A952}.Release|x64.Build.0 = Release|x64
		{C1EB1759-4B71-4C5D-BC91-0EAA2D18A952}.Release|x86.ActiveCfg = Release|Win32
		{C1EB1759-4B71-4C5D-BC91-0EAA2D18A952}.Release|x86.Build.0 = Release|Win32
		{06A242DC-96F8-4D4E-B6EA-766A55E1D567}.Debug|x64.ActiveCfg = Debug|x64
		{06A242DC-96F8-4D4E-B6EA-766A55E1D567}.Debug|x64.Build.0 = Debug|x64
		{06A242DC-96F8-4D4E-B6EA-766A55E1D567}.Debug|x86.ActiveCfg = Debug|Win32
		{06A242DC-96F8-4D4E-B6EA-766A55E1D567}.Debug|x86.Build.0 = Debug|Win32
		{06A242DC-96F8-4D4E-B6EA-766A55E1D567}.Release|x64.ActiveCfg = Release|x64
		{06A242DC-96F8-4D4E-B6EA-766A55E1D567}.Release|x64.Build.0 = Release|x64
		{06A242DC-96F8-4D4E-B6EA-766A55E1D567}.Release|x86.ActiveCfg = Release|Win32
		{06A242DC-96F8-4D4E-B6EA-766A55E1D567}.Release|x86.Build.0 = Release|Win32
		{3A3E5A54-BFF3-4181-A22A-DD6FADCA790A}.Debug|x64.ActiveCfg = Debug|x64
		{3A3E5A54-BFF3-4181-A22A-DD6FADCA790A}.Debug|x64.Build.0 = Debug|x64
		{3A3E5A54-BFF3-4181-A22A-DD6FADCA790A}.Debug|x86.ActiveCfg = Debug|Win32
		{3A3E5A54-BFF3-4181-A22A-DD6FADCA790A}.Debug|x86.Build.0 = Debug|Win32
		{3A3E5A54-BFF3-4181-A22A-DD6FADCA790A}.Release|x64.ActiveCfg = Release|x64
		{3A3E5A54-BFF3-4181-A22A-DD6FADCA790A}.Release|x64.Build.0 = Release|x64
		{3A3E5A54-BFF3-4181-A22A-DD6FADCA790A}.Release|x86.ActiveCfg = Release|Win32
		{3A3E5A54-BFF3-4181-A22A-DD6FADCA790A}.Release|x86.Build.0 = Release|Win32
		{2EF129DF-7307-4A53-92A2-9956AE2339B8}.Debug|x64.ActiveCfg = Debug|x64
		{2EF129DF-7307-4A53-92A2-9956AE2339B8}.Debug|x64.Build.0 = Debug|x64
		{2EF129DF-7307-4A53-92A2-9956AE2339B8}.Debug|x86.ActiveCfg = Debug|Win32
		{2EF129DF-7307-4A53-92A2-9956AE2339B8}.Debug|x86.Build.0 = Debug|Win32
		{2EF129DF-7307-4A53-92A2-9956AE2339B8}.Release|x64.ActiveCfg = Release|x64
		{2EF129DF-7307-4A53-92A2-9956AE2339B8}.Release|x64.Build.0 = Release|x64
		{2EF129DF-7307-4A53-92A2-9956AE2339B8}.Release|x86.ActiveCfg = Release|Win32
		{2EF129DF-7307-4A53-92A2-9956AE2339B8}.Release|x86.Build.0 = Release|Win32
		{A413BFDD-F920-437C-9336-668253740FD4}.Debug|x64.ActiveCfg = Debug|x64
		{A413BFDD-F920-437C-9336-668253740FD4}.Debug|x64.Build.0 = Debug|x64
		{A413BFDD-F920-437C-9336-668253740FD4}.Debug|x86.ActiveCfg = Debug|Win32
		{A413BFDD-F920-437C-9336-668253740FD4}.Debug|x86.Build.0 = Debug|Win32
		{A413BFDD-F920-437C-9336-668253740FD4}.Release|x64.ActiveCfg = Release|x64
		{A413BFDD-F920-437C-9336-668253740FD4}.Release|x64.Build.0 = Release|x64
		{A413BFDD-F920-437C-9336-668253740FD4}.Release|x86.ActiveCfg = Release|Win32
		{A413BFDD-F920-437C-9336-668253740FD4}.Release|x86.Build.0 = Release|Win32
		{5F90698B-825F-4E7D-8947-708625A71C2D}.Debug|x64.ActiveCfg = Debug|x64
		{5F90698B-825F-4E7D-8947-708625A71C2D}.Debug|x64.Build.0 = Debug|x64
		{5F90698B-825F-4E7D-8947-708625A71C2D}.Debug|x86.ActiveCfg = Debug|Win32
		{5F90698B-825F-4E7D-8947-708625A71C2D}.Debug|x86.Build.0 = Debug|Win32
		{5F90698B-825F-4E7D-8947-708625A71C2D}.Release|x64.ActiveCfg = Release|x64
		{5F90698B-825F-4E7D-8947-708625A71C2D}.Release|x64.Build.0 = Release|x64
		{5F90698B-825F-4E7D-8947-708625A71C2D}.Release|x86.ActiveCfg = Release|Win32
		{5F90698B-825F-4E7D-8947-708625A71C2D}.Release|x86.Build.0 = Release|Win32
		{EF4695E7-ABE1-46DD-A86B-1B4F1F14F569}.Debug|x64.ActiveCfg = Debug|x64
		{EF4695E7-ABE1-46DD-A86B-1B4F1F14F569}.Debug|x64.Build.0 = Debug|x64
		{EF4695E7-ABE1-46DD-A86B-1B4F1F14F569}.Debug|x86.ActiveCfg = Debug|Win32
		{EF4695E7-ABE1-46DD-A86B-1B4F1F14F569}.Debug|x86.Build.0 = Debug|Win32
		{EF4695E7-ABE1-46DD-A86B-1B4F1F14F569}.Release|x64.ActiveCfg = Release|x64
		{EF4695E7-ABE1-46DD-A86B-1B4F1F14F569}.Release|x64.Build.0 = Release|x64
		{EF4695E7-ABE1-46DD-A86B-1B4F1F14F569}.Release|x86.ActiveCfg = Release|Win32
		{EF4695E7-ABE1-46DD-A86B-1B4F1F14F569}.Release|x86.Build.0 = Release|Win32
		{37BF1B4F-114C-4C4C-8C09-AFB5F5DCBF3A}.Debug|x64.ActiveCfg = Debug|x64
		{37BF1B4F-114C-4C4C-8C09-AFB5F5DCBF3A}.Debug|x64.Build.0 = Debug|x64
		{37BF1B4F-114C-4C4C-8C09-AFB5F5DCBF3A}.Debug|x86.ActiveCfg = Debug|Win32
		{37BF1B4F-114C-4C4C-8C09-AFB5F5DCBF3A}.Debug|x86.Build.0 = Debug|Win32
		{37BF1B4F-114C-4C4C-8C09-AFB5F5DCBF3A}.Release|x64.ActiveCfg = Release|x64
		{37BF1B4F-114C-4C4C-8C09-AFB5F5DCBF3A}.Release|x64.Build.0 = Release|x64
		{37BF1B4F-114C-4C4C-8C09-AFB5F5DCBF3A}.Release|x86.ActiveCfg = Release|Win32
		{37BF1B4F-114C-4C4C-8C09-AFB5F5DCBF3A}.Release|x86.Build.0 = Release|Win32
		{9BE85FC7-F8F5-417D-B49E-FCC24EEDC69A}.Debug|x64.ActiveCfg = Debug|x64
		{9BE85FC7-F8F5-417D-B49E-FCC24EEDC69A}.Debug|x64.Build.0 = Debug|x64
		{9BE85FC7-F8F5-417D-B49E-FCC24EEDC69A}.Debug|x86.ActiveCfg = Debug|Win32
		{9BE85FC7-F8F5-417D-B49E-FCC24EEDC69A}.Debug|x86.Build.0 = Debug|Win32
		{9BE85FC7-F8F5-417D-B49E-FCC24EEDC69A}.Release|x64.ActiveCfg = Release|x64
		{9BE85FC7-F8F5-417D-B49E-FCC24EEDC69A}.Release|x64.Build.0 = Release|x64
		{9BE85FC7-F8F5-417D-B49E-FCC24EEDC69A}.Release|x86.ActiveCfg = Release|Win32
		{9BE85FC7-F8F5-417D-B49E-FCC24EEDC69A}.Release|x86.Build.0 = Release|Win32
		{717CA1A7-3FBE-4086-B7DB-1A6899F52A85}.Debug|x64.ActiveCfg = Debug|x64
		{717CA1A7-3FBE-4086-B7DB-1A6899F52A85}.Debug|x64.Build.0 = Debug|x64
		{717CA1A7-3FBE-4086-B7DB-1A6899F52A85}.Debug|x86.ActiveCfg = Debug|Win32
		{717CA1A7-3FBE-4086-B7DB-1A6899F52A85}.Debug|x86.Build.0 = Debug|Win32
		{717CA1A7-3FBE-4086-B7DB-1A6899F52A85}.Release|x64.ActiveCfg = Release|x64
		{717CA1A7-3FBE-4086-B7DB-1A6899F52A85}.Release|x64.Build.0 = Release|x64
		{717CA1A7-3FBE-4086-B7DB-1A6899F52A85}.Release|x86.ActiveCfg = Release|Win32
		{717CA1A7-3FBE-4086-B7DB-1A6899F52A85}.Release|x86.Build.0 = Release|Win32
		{BA73920F-CE25-4E65-8847-925EA8A99F2B}.Debug|x64.ActiveCfg = Debug|x64
		{BA73920F-CE25-4E65-8847-925EA8A99F2B}.Debug|x64.Build.0 = Debug|x64
		{BA73920F-CE25-4E65-8847-925EA8A99F2B}.Debug|x86.ActiveCfg = Debug|Win32
		{BA73920F-CE25-4E65-8847-925EA8A99F2B}.Debug|x86.Build.0 = Debug|Win32
		{BA73920F-CE25-4E65-8847-925EA8A99F2B}.Release|x64.ActiveCfg = Release|x64
		{BA73920F-CE25-4E65-8847-925EA8A99F2B}.Release|x64.Build.0 = Release|x64
		{BA73920F-CE25-4E65-8847-925EA8A99F2B}.Release|x86.ActiveCfg = Release|Win32
		{BA73920F-CE25-4E65-8847-925EA8A99F2B}.Release|x86.Build.0 = Release|Win32
		{39AB0CED-E019-45B0-A11B-2717EB7E8A2B}.Debug|x64.ActiveCfg = Debug|x64
		{39AB0CED-E019-45B0-A11B-2717EB7E8A2B}.Debug|x64.Build.0 = Debug|x64
		{39AB0CED-E019-45B0-A11B-2717EB7E8A2B}.Debug|x86.ActiveCfg = Debug|Win32
		{39AB0CED-E019-45B0-A11B-2717EB7E8A2B}.Debug|x86.Build.0 = Debug|Win32
		{39AB0CED-E019-45B0-A11B-2717EB7E8A2B}.Release|x64.ActiveCfg = Release|x64
		{39AB0CED-E019-45B0-A11B-2717EB7E8A2B}.Release|x64.Build.0 = Release|x64
		{39AB0CED-E019-45B0-A11B-2717EB7E8A2B}.Release|x86.ActiveCfg = Release|Win32
		{39AB0CED-E019-45B0-A11B-2717EB7E8A2B}.Release|x86.Build.0 = Release|Win32
		{136C7371-C038-458F-BA7F-195F6AF130AA}.Debug|x64.ActiveCfg = Debug|x64
		{136C7371-C038-458F-BA7F-195F6AF130AA}.Debug|x64.Build.0 = Debug|x64
		{136C7371-C038-458F-BA7F-195F6AF130AA}.Debug|x86.ActiveCfg = Debug|Win32
		{136C7371-C038-458F-BA7F-195F6AF130AA}.Debug|x86.Build.0 = Debug|Win32
		{136C7371-C038-458F-BA7F-195F6AF130AA}.Release|x64.ActiveCfg = Release|x64
		{136C7371-C038-458F-BA7F-195F6AF130AA}.Release|x64.Build.0 = Release|x64
		{136C7371-C038-458F-BA7F-195F6AF130AA}.Release|x86.ActiveCfg = Release|Win32
		{136C7371-C038-458F-BA7F-195F6AF130AA}.Release|x86.Build.0 = Release|Win32
		{695258EC-5050-4896-8A0D-C58512392A47}.Debug|x64.ActiveCfg = Debug|x64
		{695258EC-5050-4896-8A0D-C58512392A47}.Debug|x64.Build.0 = Debug|x64
		{695258EC-5050-4896-8A0D-C58512392A47}.Debug|x86.ActiveCfg = Debug|Win32
		{695258EC-5050-4896-8A0D-C58512392A47}.Debug|x86.Build.0 = Debug|Win32
		{695258EC-5050-4896-8A0D-C58512392A47}.Release|x64.ActiveCfg = Release|x64
		{695258EC-5050-4896-8A0D-C58512392A47}.Release|x64.Build.0 = Release|x64
		{695258EC-5050-4896-8A0D-C58512392A47}.Release|x86.ActiveCfg = Release|Win32
		{695258EC-5050-4896-8A0D-C58512392A47}.Release|x86.Build.0 = Release|Win32
		{90D60E83-80B4-47CA-9914-6BB4516DE73D}.Debug|x64.ActiveCfg = Debug|x64
		{90D60E83-80B4-47CA-9914-6BB4516DE73D}.Debug|x64.Build.0 = Debug|x64
		{90D60E83-80B4-47CA-9914-6BB4516DE73D}.Debug|x86.ActiveCfg = Debug|Win32
		{90D60E83-80B4-47CA-9914-6BB4516DE73D}.Debug|x86.Build.0 = Debug|Win32
		{90D60E83-80B4-47CA-9914-6BB4516DE73D}.Release|x64.ActiveCfg = Release|x64
		{90D60E83-80B4-47CA-9914-6BB4516DE73D}.Release|x64.Build.0 = Release|x64
		{90D60E83-80B4-47CA-9914-6BB4516DE73D}.Release|x86.ActiveCfg = Release|Win32
		{90D60E83-80B4-47CA-9914-6BB4516DE73D}.Release|x86.Build.0 = Release|Win32
		{DD43BA3A-FB9B-4558-A8D0-9775DC53F29C}.Debug|x64.ActiveCfg = Debug|x64
		{DD43BA3A-FB9B-4558-A8D0-9775DC53F29C}.Debug|x64.Build.0 = Debug|x64
		{DD43BA3A-FB9B-4558-A8D0-9775DC53F29C}.Debug|x86.ActiveCfg = Debug|Win32
		{DD43BA3A-FB9B-4558-A8D0-9775DC53F29C}.Debug|x86.Build.0 = Debug|Win32
		{DD43BA3A-FB9B-4558-A8D0-9775DC53F29C}.Release|x64.ActiveCfg = Release|x64
		{DD43BA3A-FB9B-4558-A8D0-9775DC53F29C}.Release|x64.Build.0 = Release|x64
		{DD43BA3A-FB9B-4558-A8D0-9775DC53F29C}.Release|x86.ActiveCfg = Release|Win32
		{DD43BA3A-FB9B-4558-A8D0-9775DC53F29C}.Release|x86.Build.0 = Release|Win32
		{173D8236-CD40-49BF-BB15-4CECB4D3C245}.Debug|x64.ActiveCfg = Debug|x64
		{173D8236-CD40-49BF-BB15-4CECB4D3C245}.Debug|x64.Build.0 = Debug|x64
		{173D8236-CD40-49BF-BB15-4CECB4D3C245}.Debug|x86.ActiveCfg = Debug|Win32
		{173D8236-CD40-49BF-BB15-4CECB4D3C245}.Debug|x86.Build.0 = Debug|Win32
		{173D8236-CD40-49BF-BB15-4CECB4D3C245}.Release|x64.ActiveCfg = Release|x64
		{173D8236-CD40-49BF-BB15-4CECB4D3C245}.Release|x64.Build.0 = Release|x64
		{173D8236-CD40-49BF-BB15-4CECB4D3C245}.Release|x86.ActiveCfg = Release|Win32
		{173D8236-CD40-49BF-BB15-4CECB4D3C245}.Release|x86.Build.0 = Release|Win32
		{9BAD7B76-79C5-419B-925F-D7C056EC5CA7}.Debug|x64.ActiveCfg = Debug|x64
		{9BAD7B76-79C5-419B-925F-D7C056EC5CA7}.Debug|x64.Build.0 = Debug|x64
		{9BAD7B76-79C5-419B-925F-D7C056EC5CA7}.Debug|x86.ActiveCfg = Debug|Win32
		{9BAD7B76-79C5-419B-925F-D7C056EC5CA7}.Debug|x86.Build.0 = Debug|Win32
		{9BAD7B76-79C5-419B-925F-D7C056EC5CA7}.Release|x64.ActiveCfg = Release|x64
		{9BAD7B76-79C5-419B-925F-D7C056EC5CA7}.Release|x64.Build.0 = Release|x64
		{9BAD7B76-79C5-419B-925F-D7C056EC5CA7}.Release|x86.ActiveCfg = Release|Win32
		{9BAD7B76-79C5-419B-925F-D7C056EC5CA7}.Release|x86.Build.0 = Release|Win32
		{E46782FD-F40A-4A44-988A-3711AA8C22E2}.Debug|x64.ActiveCfg = Debug|x64
		{E46782FD-F40A-4A44-988A-3711AA8C22E2}.Debug|x64.Build.0 = Debug|x64
		{E46782FD-F40A-4A44-988A-3711AA8C22E2}.Debug|x86.ActiveCfg = Debug|Win32
		{E46782FD-F40A-4A44-988A-3711AA8C22E2}.Debug|x86.Build.0 = Debug|Win32
		{E46782FD-F40A-4A44-988A-3711AA8C22E2}.Release|x64.ActiveCfg = Release|x64
		{E46782FD-F40A-4A44-988A-3711AA8C22E2}.Release|x64.Build.0 = Release|x64
		{E46782FD-F40A-4A44-988A-3711AA8C22E2}.Release|x86.ActiveCfg = Release|Win32
		{E46782FD-F40A-4A44-988A-3711AA8C22E2}.Release|x86.Build.0 = Release|Win32
		{9D5346E2-B609-4BC1-A2B9-DF34C8079F8D}.Debug|x64.ActiveCfg = Debug|x64
		{9D5346E2-B609-4BC1-A2B9-DF34C8079F8D}.Debug|x64.Build.0 = Debug|x64
		{9D5346E2-B609-4BC1-A2B9-DF34C8079F8D}.Debug|x86.ActiveCfg = Debug|Win32
		{9D5346E2-B609-4BC1-A2B9-DF34C8079F8D}.Debug|x86.Build.0 = Debug|Win32
		{9D5346E2-B609-4BC1-A2B9-DF34C8079F8D}.Release|x64.ActiveCfg = Release|x64
		{9D5346E2-B609-4BC1-A2B9-DF34C8079F8D}.Release|x64.Build.0 = Release|x64
		{9D5346E2-B609-4BC1-A2B9-DF34C8079F8D}.Release|x86.ActiveCfg = Release|Win32
		{9D5346E2-B609-4BC1-A2B9-DF34C8079F8D}.Release|x86.Build.0 = Release|Win32
		{48F5345E-464C-47AA-A6BA-C32963972B3B}.Debug|x64.ActiveCfg = Debug|x64
		{48F5345E-464C-47AA-A6BA-C32963972B3B}.Debug|x64.Build.0 = Debug|x64
		{48F5345E-464C-47AA-A6BA-C32963972B3B}.Debug|x86.ActiveCfg = Debug|Win32
		{48F5345E-464C-47AA-A6BA-C32963972B3B}.Debug|x86.Build.0 = Debug|Win32
		{48F5345E-464C-47AA-A6BA-C32963972B3B}.Release|x64.ActiveCfg = Release|x64
		{48F5345E-464C-47AA-A6BA-C32963972B3B}.Release|x64.Build.0 = Release|x64
		{48F5345E-464C-47AA-A6BA-C32963972B3B}.Release|x86.ActiveCfg = Release|Win32
		{48F5345E-464C-47AA-A6BA-C32963972B3B}.Release|x86.Build.0 = Release|Win32
		{FE9678C3-6759-4175-A71F-D7320BDDCF58}.Debug|x64.ActiveCfg = Debug|x64
		{FE9678C3-6759-4175-A71F-D7320BDDCF58}.Debug|x64.Build.0 = Debug|x64
		{FE9678C3-6759-4175-A71F-D7320BDDCF58}.Debug|x86.ActiveCfg = Debug|Win32
		{FE9678C3-6759-4175-A71F-D7320BDDCF58}.Debug|x86.Build.0 = Debug|Win32
		{FE9678C3-6759-4175-A71F-D7320BDDCF58}.Release|x64.ActiveCfg = Release|x64
		{FE9678C3-6759-4175-A71F-D7320BDDCF58}.Release|x64.Build.0 = Release|x64
		{FE9678C3-6759-4175-A71F-D7320BDDCF58}.Release|x86.ActiveCfg = Release|Win32
		{FE9678C3-6759-4175-A71F-D7320BDDCF58}.Release|x86.Build.0 = Release|Win32
		{FB4EA27A-1231-42C2-84E0-89516AE07440}.Debug|x64.ActiveCfg = Debug|x64
		{FB4EA27A-1231-42C2-84E0-89516AE07440}.Debug|x64.Build.0 = Debug|x64
		{FB4EA27A-1231-42C2-84E0-89516AE07440}.Debug|x86.ActiveCfg = Debug|Win32
		{FB4EA27A-1231-42C2-84E0-89516AE07440}.Debug|x86.Build.0 = Debug|Win32
		{FB4EA27A-1231-42C2-84E0-89516AE07440}.Release|x64.ActiveCfg = Release|x64
		{FB4EA27A-1231-42C2-84E0-89516AE07440}.Release|x64.Build.0 = Release|x64
		{FB4EA27A-1231-42C2-84E0-89516AE07440}.Release|x86.ActiveCfg = Release|Win32
		{FB4EA27A-1231-42C2-84E0-89516AE07440}.Release|x86.Build.0 = Release|Win32
		{DC021896-DD6B-4840-9537-75C9997D8F22}.Debug|x64.ActiveCfg = Debug|x64
		{DC021896-DD6B-4840-9537-75C9997D8F22}.Debug|x64.Build.0 = Debug|x64
		{DC021896-DD6B-4840-9537-75C9997D8F22}.Debug|x86.ActiveCfg = Debug|Win32
		{DC021896-DD6B-4840-9537-75C9997D8F22}.Debug|x86.Build.0 = Debug|Win32
		{DC021896-DD6B-4840-9537-75C9997D8F22}.Release|x64.ActiveCfg = Release|x64
		{DC021896-DD6B-4840-9537-75C9997D8F22}.Release|x64.Build.0 = Release|x64
		{DC021896-DD6B-4840-9537-75C9997D8F22}.Release|x86.ActiveCfg = Release|Win32
		{DC021896-DD6B-4840-9537-75C9997D8F22}.Release|x86.Build.0 = Release|Win32
		{676A9827-1688-45A6-82AB-45996DC1D3E3}.Debug|x64.ActiveCfg = Debug|x64
		{676A9827-1688-45A6-82AB-45996DC1D3E3}.Debug|x64.Build.0 = Debug|x64
		{676A9827-1688-45A6-82AB-45996DC1D3E3}.Debug|x86.ActiveCfg = Debug|Win32
		{676A9827-1688-45A6-82AB-45996DC1D3E3}.Debug|x86.Build.0 = Debug|Win32
		{676A9827-1688-45A6-82AB-45996DC1D3E3}.Release|x64.ActiveCfg = Release|x64
		{676A9827-1688-45A6-82AB-45996DC1D3E3}.Release|x64.Build.0 = Release|x64
		{676A9827-1688-45A6-82AB-45996DC1D3E3}.Release|x86.ActiveCfg = Release|Win32
		{676A9827-1688-45A6-82AB-45996DC1D3E3}.Release|x86.Build.0 = Release|Win32
		{1E9C48BA-6EEA-44D0-A8FE-D02BD5117F49}.Debug|x64.ActiveCfg = Debug|x64
		{1E9C48BA-6EEA-44D0-A8FE-D02BD5117F49}.Debug|x64.Build.0 = Debug|x64
		{1E9C48BA-6EEA-44D0-A8FE-D02BD5117F49}.Debug|x86.ActiveCfg = Debug|Win32
		{1E9C48BA-6EEA-44D0-A8FE-D02BD5117F49}.Debug|x86.Build.0 = Debug|Win32
		{1E9C48BA-6EEA-44D0-A8FE-D02BD5117F49}.Release|x64.ActiveCfg = Release|x64
		{1E9C48BA-6EEA-44D0-A8FE-D02BD5117F49}.Release|x64.Build.0 = Release|x64
		{1E9C48BA-6EEA-44D0-A8FE-D02BD5117F49}.Release|x86.ActiveCfg = Release|Win32
		{1E9C48BA-6EEA-44D0-A8FE-D02BD5117F49}.Release|x86.Build.0 = Release|Win32
		{A1E9D158-E19F-496B-BF2A-069192533761}.Debug|x64.ActiveCfg = Debug|x64
		{A1E9D158-E19F-496B-BF2A-069192533761}.Debug|x64.Build.0 = Debug|x64
		{A1E9D158-E19F-496B-BF2A-069192533761}.Debug|x86.ActiveCfg = Debug|Win32
		{A1E9D158-E19F-496B-BF2A-069192533761}.Debug|x86.Build.0 = Debug|Win32
		{A1E9D158-E19F-496B-BF2A-069192533761}.Release|x64.ActiveCfg = Release|x64
		{A1E9D158-E19F-496B-BF2A-069192533761}.Release|x64.Build.0 = Release|x64
		{A1E9D158-E19F-496B-BF2A-069192533761}.Release|x86.ActiveCfg = Release|Win32
		{A1E9D158-E19F-496B-BF2A-069192533761}.Release|x86.Build.0 = Release|Win32
		{1E202112-3ABA-4255-B33F-DB226FCD16F3}.Debug|x64.ActiveCfg = Debug|x64
		{1E202112-3ABA-4255-B33F-DB226FCD16F3}.Debug|x64.Build.0 = Debug|x64
		{1E202112-3ABA-4255-B33F-DB226FCD16F3}.Debug|x86.ActiveCfg = Debug|Win32
		{1E202112-3ABA-4255-B33F-DB226FCD16F3}.Debug|x86.Build.0 = Debug|Win32
		{1E202112-3ABA-4255-B33F-DB226FCD16F3}.Release|x64.ActiveCfg = Release|x64
		{1E202112-3ABA-4255-B33F-DB226FCD16F3}.Release|x64.Build.0 = Release|x64
		{1E202112-3ABA-4255-B33F-DB226FCD16F3}.Release|x86.ActiveCfg = Release|Win32
		{1E202112-3ABA-4255-B33F-DB226FCD16F3}.Release|x86.Build.0 = Release|Win32
		{37D881E8-5485-4E5F-BB2D-DC9CAD48B330}.Debug|x64.ActiveCfg = Debug|x64
		{37D881E8-5485-4E5F-BB2D-DC9CAD48B330}.Debug|x64.Build.0 = Debug|x64
		{37D881E8-5485-4E5F-BB2D-DC9CAD48B330}.Debug|x86.ActiveCfg = Debug|Win32
		{37D881E8-5485-4E5F-BB2D-DC9CAD48B330}.Debug|x86.Build.0 = Debug|Win32
		{37D881E8-5485-4E5F-BB2D-DC9CAD48B330}.Release|x64.ActiveCfg = Release|x64
		{37D881E8-5485-4E5F-BB2D-DC9CAD48B330}.Release|x64.Build.0 = Release|x64
		{37D881E8-5485-4E5F-BB2D-DC9CAD48B330}.Release|x86.ActiveCfg = Release|Win32
		{37D881E8-5485-4E5F-BB2D-DC9CAD48B330}.Release|x86.Build.0 = Release|Win32
		{0C859ED2-DE56-4D16-B2DB-9936A792B090}.Debug|x64.ActiveCfg = Debug|x64
		{0C859ED2-DE56-4D16-B2DB-9936A792B090}.Debug|x64.Build.0 = Debug|x64
		{0C859ED2-DE56-4D16-B2DB-9936A792B090}.Debug|x86.ActiveCfg = Debug|Win32
		{0C859ED2-DE56-4D16-B2DB-9936A792B090}.Debug|x86.Build.0 = Debug|Win32
		{0C859ED2-DE56-4D16-B2DB-9936A792B090}.Release|x64.ActiveCfg = Release|x64
		{0C859ED2-DE56-4D16-B2DB-9936A792B090}.Release|x64.Build.0 = Release|x64
		{0C859ED2-DE56-4D16-B2DB-9936A792B090}.Release|x86.ActiveCfg = Release|Win32
		{0C859ED2-DE56-4D16-B2DB-9936A792B090}.Release|x86.Build.0 = Release|Win32
		{4A37D616-777A-4CA9-94AB-897E14932582}.Debug|x64.ActiveCfg = Debug|x64
		{4A37D616-777A-4CA9-94AB-897E14932582}.Debug|x64.Build.0 = Debug|x64
		{4A37D616-777A-4CA9-94AB-897E14932582}.Debug|x86.ActiveCfg = Debug|Win32
		{4A37D616-777A-4CA9-94AB-897E14932582}.Debug|x86.Build.0 = Debug|Win32
		{4A37D616-777A-4CA9-94AB-897E14932582}.Release|x64.ActiveCfg = Release|x64
		{4A37D616-777A-4CA9-94AB-897E14932582}.Release|x64.Build.0 = Release|x64
		{4A37D616-777A-4CA9-94AB-897E14932582}.Release|x86.ActiveCfg = Release|Win32
		{4A37D616-777A-4CA9-94AB-897E14932582}.Release|x86.Build.0 = Release|Win32
		{E0EFFF1C-8BE7-46B4-8793-CC383BBEC359}.Debug|x64.ActiveCfg = Debug|x64
		{E0EFFF1C-8BE7-46B4-8793-CC383BBEC359}.Debug|x64.Build.0 = Debug|x64
		{E0EFFF1C-8BE7-46B4-8793-CC383BBEC359}.Debug|x86.ActiveCfg = Debug|Win32
		{E0EFFF1C-8BE7-46B4-8793-CC383BBEC359}.Debug|x86.Build.0 = Debug|Win32
		{E0EFFF1C-8BE7-46B4-8793-CC383BBEC359}.Release|x64.ActiveCfg = Release|x64
		{E0EFFF1C-8BE7-46B4-8793-CC383BBEC359}.Release|x64.Build.0 = Release|x64
		{E0EFFF1C-8BE7-46B4-8793-CC383BBEC359}.Release|x86.ActiveCfg = Release|Win32
		{E0EFFF1C-8BE7-46B4-8793-CC383BBEC359}.Release|x86.Build.0 = Release|Win32
		{66BF0D95-42BA-4493-83F5-310E5E817181}.Debug|x64.ActiveCfg = Debug|x64
		{66BF0D95-42BA-4493-83F5-310E5E817181}.Debug|x64.Build.0 = Debug|x64
		{66BF0D95-42BA-4493-83F5-310E5E817181}.Debug|x86.ActiveCfg = Debug|Win32
		{66BF0D95-42BA-4493-83F5-310E5E817181}.Debug|x86.Build.0 = Debug|Win32
		{66BF0D95-42BA-4493-83F5-310E5E817181}.Release|x64.ActiveCfg = Release|x64
		{66BF0D95-42BA-4493-83F5-310E5E817181}.Release|x64.Build.0 = Release|x64
		{66BF0D95-42BA-4493-83F5-310E5E817181}.Release|x86.ActiveCfg = Release|Win32
		{66BF0D95-42BA-4493-83F5-310E5E817181}.Release|x86.Build.0 = Release|Win32
		{CDAA5F67-E44A-46D8-B599-6D28659AAC81}.Debug|x64.ActiveCfg = Debug|x64
		{CDAA5F67-E44A-46D8-B599-6D28659AAC81}.Debug|x64.Build.0 = Debug|x64
		{CDAA5F67-E44A-46D8-B599-6D28659AAC81}.Debug|x86.ActiveCfg = Debug|Win32
		{CDAA5F67-E44A-46D8-B599-6D28659AAC81}.Debug|x86.Build.0 = Debug|Win32
		{CDAA5F67-E44A-46D8-B599-6D28659AAC81}.Release|x64.ActiveCfg = Release|x64
		{CDAA5F67-E44A-46D8-B599-6D28659AAC81}.Release|x64.Build.0 = Release|x64
		{CDAA5F67-E44A-46D8-B599-6D28659AAC81}.Release|x86.ActiveCfg = Release|Win32
		{CDAA5F67-E44A-46D8-B599-6D28659AAC81}.Release|x86.Build.0 = Release|Win32
		{7C3724B7-A971-4216-A43A-C74E549209D0}.Debug|x64.ActiveCfg = Debug|x64
		{7C3724B7-A971-4216-A43A-C74E549209D0}.Debug|x64.Build.0 = Debug|x64
		{7C3724B7-A971-4216-A43A-C74E549209D0}.Debug|x86.ActiveCfg = Debug|Win32
		{7C3724B7-A971-4216-A43A-C74E549209D0}.Debug|x86.Build.0 = Debug|Win32
		{7C3724B7-A971-4216-A43A-C74E549209D0}.Release|x64.ActiveCfg = Release|x64
		{7C3724B7-A971-4216-A43A-C74E549209D0}.Release|x64.Build.0 = Release|x64
		{7C3724B7-A971-4216-A43A-C74E549209D0}.Release|x86.ActiveCfg = Release|Win32
		{7C3724B7-A971-4216-A43A-C74E549209D0}.Release|x86.Build.0 = Release|Win32
		{886C2DC3-A4E8-4B9B-BE3F-33C6EBEC8123}.Debug|x64.ActiveCfg = Debug|x64
		{886C2DC3-A4E8-4B9B-BE3F-33C6EBEC8123}.Debug|x64.Build.0 = Debug|x64
		{886C2DC3-A4E8-4B9B-BE3F-33C6EBEC8123}.Debug|x86.ActiveCfg = Debug|Win32
		{886C2DC3-A4E8-4B9B-BE3F-33C6EBEC8123}.Debug|x86.Build.0 = Debug|Win32
		{886C2DC3-A4E8-4B9B-BE3F-33C6EBEC8123}.Release|x64.ActiveCfg = Release|x64
		{886C2DC3-A4E8-4B9B-BE3F-33C6EBEC8123}.Release|x64.Build.0 = Release|x64
		{886C2DC3-A4E8-4B9B-BE3F-33C6EBEC8123}.Release|x86.ActiveCfg = Release|Win32
		{886C2DC3-A4E8-4B9B-BE3F-33C6EBEC8123}.Release|x86.Build.0 = Release|Win32
		{74671CB3-6AC9-4814-93B4-4B6C4B6152C6}.Debug|x64.ActiveCfg = Debug|x64
		{74671CB3-6AC9-4814-93B4-4B6C4B6152C6}.Debug|x64.Build.0 = Debug|x64
		{74671CB3-6AC9-4814-93B4-4B6C4B6152C6}.Debug|x86.ActiveCfg = Debug|Win32
		{74671CB3-6AC9-4814-93B4-4B6C4B6152C6}.Debug|x86.Build.0 = Debug|Win32
		{74671CB3-6AC9-4814-93B4-4B6C4B6152C6}.Release|x64.ActiveCfg = Release|x64
		{74671CB3-6AC9-4814-93B4-4B6C4B6152C6}.Release|x64.Build.0 = Release|x64
		{74671CB3-6AC9-4814-93B4-4B6C4B6152C6}.Release|x86.ActiveCfg = Release|Win32
		{74671CB3-6AC9-4814-93B4-4B6C4B6152C6}.Release|x86.Build.0 = Release|Win32
		{A5C25CE7-1E8A-4992-92DA-42AD90DA0928}.Debug|x64.ActiveCfg = Debug|x64
		{A5C25CE7-1E8A-4992-92DA-42AD90DA0928}.Debug|x64.Build.0 = Debug|x64
		{A5C25CE7-1E8A-4992-92DA-42AD90DA0928}.Debug|x86.ActiveCfg = Debug|Win32
		{A5C25CE7-1E8A-4992-92DA-42AD90DA0928}.Debug|x86.Build.0 = Debug|Win32
		{A5C25CE7-1E8A-4992-92DA-42AD90DA0928}.Release|x64.ActiveCfg = Release|x64
		{A5C25CE7-1E8A-4992-92DA-42AD90DA0928}.Release|x64.Build.0 = Release|x64
		{A5C25CE7-1E8A-4992-92DA-42AD90DA0928}.Release|x86.ActiveCfg = Release|Win32
		{A5C25CE7-1E8A-4992-92DA-42AD90DA0928}.Release|x86.Build.0 = Release|Win32
		{EA7FE106-1E93-48D9-9958-64BFEC3E34F2}.Debug|x64.ActiveCfg = Debug|x64
		{EA7FE106-1E93-48D9-9958-64BFEC3E34F2}.Debug|x64.Build.0 = Debug|x64
		{EA7FE106-1E93-48D9-9958-64BFEC3E34F2}.Debug|x86.ActiveCfg = Debug|Win32
		{EA7FE106-1E93-48D9-9958-64BFEC3E34F2}.Debug|x86.Build.0 = Debug|Win32
		{EA7FE106-1E93-48D9-9958-64BFEC3E34F2}.Release|x64.ActiveCfg = Release|x64
		{EA7FE106-1E93-48D9-9958-64BFEC3E34F2}.Release|x64.Build.0 = Release|x64
		{EA7FE106-1E93-48D9-9958-64BFEC3E34F2}.Release|x86.ActiveCfg = Release|Win32
		{EA7FE106-1E93-48D9-9958-64BFEC3E34F2}.Release|x86.Build.0 = Release|Win32
		{0A01C256-8D39-49A7-A578-27EA79476443}.Debug|x64.ActiveCfg = Debug|x64
		{0A01C256-8D39-49A7-A578-27EA79476443}.Debug|x64.Build.0 = Debug|x64
		{0A01C256-8D39-49A7-A578-27EA79476443}.Debug|x86.ActiveCfg = Debug|Win32
		{0A01C256-8D39-49A7-A578-27EA79476443}.Debug|x86.Build.0 = Debug|Win32
		{0A01C256-8D39-49A7-A578-27EA79476443}.Release|x64.ActiveCfg = Release|x64
		{0A01C256-8D39-49A7-A578-27EA79476443}.Release|x64.Build.0 = Release|x64
		{0A01C256-8D39-49A7-A578-27EA79476443}.Release|x86.ActiveCfg = Release|Win32
		{0A01C256-8D39-49A7-A578-27EA79476443}.Release|x86.Build.0 = Release|Win32
		{7CE58D5D-CEAA-480C-AB5B-039FAEDCEBB5}.Debug|x64.ActiveCfg = Debug|x64
		{7CE58D5D-CEAA-480C-AB5B-039FAEDCEBB5}.Debug|x64.Build.0 = Debug|x64
		{7CE58D5D-CEAA-480C-AB5B-039FAEDCEBB5}.Debug|x86.ActiveCfg = Debug|Win32
		{7CE58D5D-CEAA-480C-AB5B-039FAEDCEBB5}.Debug|x86.Build.0 = Debug|Win32
		{7CE58D5D-CEAA-480C-AB5B-039FAEDCEBB5}.Release|x64.ActiveCfg = Release|x64
		{7CE58D5D-CEAA-480C-AB5B-039FAEDCEBB5}.Release|x64.Build.0 = Release|x64
		{7CE58D5D-CEAA-480C-AB5B-039FAEDCEBB5}.Release|x86.ActiveCfg = Release|Win32
		{7CE58D5D-CEAA-480C-AB5B-039FAEDCEBB5}.Release|x86.Build.0 = Release|Win32
		{4EFB5765-88C7-455A-919E-B721E3748A9B}.Debug|x64.ActiveCfg = Debug|x64
		{4EFB5765-88C7-455A-919E-B721E3748A9B}.Debug|x64.Build.0 = Debug|x64
		{4EFB5765-88C7-455A-919E-B721E3748A9B}.Debug|x86.ActiveCfg = Debug|Win32
		{4EFB5765-88C7-455A-919E-B721E3748A9B}.Debug|x86.Build.0 = Debug|Win32
		{4EFB5765-88C7-455A-919E-B721E3748A9B}.Release|x64.ActiveCfg = Release|x64
		{4EFB5765-88C7-455A-919E-B721E3748A9B}.Release|x64.Build.0 = Release|x64
		{4EFB5765-88C7-455A-919E-B721E3748A9B}.Release|x86.ActiveCfg = Release|Win32
		{4EFB5765-88C7-455A-919E-B721E3748A9B}.Release|x86.Build.0 = Release|Win32
		{878F13CD-6DE8-4BB4-A690-8886A97B409A}.Debug|x64.ActiveCfg = Debug|x64
		{878F13CD-6DE8-4BB4-A690-8886A97B409A}.Debug|x64.Build.0 = Debug|x64
		{878F13CD-6DE8-4BB4-A690-8886A97B409A}.Debug|x86.ActiveCfg = Debug|Win32
		{878F13CD-6DE8-4BB4-A690-8886A97B409A}.Debug|x86.Build.0 = Debug|Win32
		{878F13CD-6DE8-4BB4-A690-8886A97B409A}.Release|x64.ActiveCfg = Release|x64
		{878F13CD-6DE8-4BB4-A690-8886A97B409A}.Release|x64.Build.0 = Release|x64
		{878F13CD-6DE8-4BB4-A690-8886A97B409A}.Release|x86.ActiveCfg = Release|Win32
		{878F13CD-6DE8-4BB4-A690-8886A97B409A}.Release|x86.Build.0 = Release|Win32
		{7E6A45C7-C7AF-4E86-ABB6-63A0F91D5FCF}.Debug|x64.ActiveCfg = Debug|x64
		{7E6A45C7-C7AF-4E86-ABB6-63A0F91D5FCF}.Debug|x64.Build.0 = Debug|x64
		{7E6A45C7-C7AF-4E86-ABB6-63A0F91D5FCF}.Debug|x86.ActiveCfg = Debug|Win32
		{7E6A45C7-C7AF-4E86-ABB6-63A0F91D5FCF}.Debug|x86.Build.0 = Debug|Win32
		{7E6A45C7-C7AF-4E86-ABB6-63A0F91D5FCF}.Release|x64.ActiveCfg = Release|x64
		{7E6A45C7-C7AF-4E86-ABB6-63A0F91D5FCF}.Release|x64.Build.0 = Release|x64
		{7E6A45C7-C7AF-4E86-ABB6-63A0F91D5FCF}.Release|x86.ActiveCfg = Release|Win32
		{7E6A45C7-C7AF-4E86-ABB6-63A0F91D5FCF}.Release|x86.Build.0 = Release|Win32
		{86C43554-AB15-4F8F-9529-8267FC3D4467}.Debug|x64.ActiveCfg = Debug|x64
		{86C43554-AB15-4F8F-9529-8267FC3D4467}.Debug|x64.Build.0 = Debug|x64
		{86C43554-AB15-4F8F-9529-8267FC3D4467}.Debug|x86.ActiveCfg = Debug|Win32
		{86C43554-AB15-4F8F-9529-8267FC3D4467}.Debug|x86.Build.0 = Debug|Win32
		{86C43554-AB15-4F8F-9529-8267FC3D4467}.Release|x64.ActiveCfg = Release|x64
		{86C43554-AB15-4F8F-9529-8267FC3D4467}.Release|x64.Build.0 = Release|x64
		{86C43554-AB15-4F8F-9529-8267FC3D4467}.Release|x86.ActiveCfg = Release|Win32
		{86C43554-AB15-4F8F-9529-8267FC3D4467}.Release|x86.Build.0 = Release|Win32
		{1DC7CD2B-5DBA-4295-B3F7-66F6B974338C}.Debug|x64.ActiveCfg = Debug|x64
		{1DC7CD2B-5DBA-4295-B3F7-66F6B974338C}.Debug|x64.Build.0 = Debug|x64
		{1DC7CD2B-5DBA-4295-B3F7-66F6B974338C}.Debug|x86.ActiveCfg = Debug|Win32
		{1DC7CD2B-5DBA-4295-B3F7-66F6B974338C}.Debug|x86.Build.0 = Debug|Win32
		{1DC7CD2B-5DBA-4295-B3F7-66F6B974338C}.Release|x64.ActiveCfg = Release|x64
		{1DC7CD2B-5DBA-4295-B3F7-66F6B974338C}.Release|x64.Build.0 = Release|x64
		{1DC7CD2B-5DBA-4295-B3F7-66F6B974338C}.Release|x86.ActiveCfg = Release|Win32
		{1DC7CD2B-5DBA-4295-B3F7-66F6B974338C}.Release|x86.Build.0 = Release|Win32
		{879A925B-6B4B-4912-B0B8-F9180DA36585}.Debug|x64.ActiveCfg = Debug|x64
		{879A925B-6B4B-4912-B0B8-F9180DA36585}.Debug|x64.Build.0 = Debug|x64
		{879A925B-6B4B-4912-B0B8-F9180DA36585}.Debug|x86.ActiveCfg = Debug|Win32
		{879A925B-6B4B-4912-B0B8-F9180DA36585}.Debug|x86.Build.0 = Debug|Win32
		{879A925B-6B4B-4912-B0B8-F9180DA36585}.Release|x64.ActiveCfg = Release|x64
		{879A925B-6B4B-4912-B0B8-F9180DA36585}.Release|x64.Build.0 = Release|x64
		{879A925B-6B4B-4912-B0B8-F9180DA36585}.Release|x86.ActiveCfg = Release|Win32
		{879A925B-6B4B-4912-B0B8-F9180DA36585}.Release|x86.Build.0 = Release|Win32
		{D4D872F0-913E-4E7D-8C78-62E3AC45413A}.Debug|x64.ActiveCfg = Debug|x64
		{D4D872F0-913E-4E7D-8C78-62E3AC45413A}.Debug|x64.Build.0 = Debug|x64
		{D4D872F0-913E-4E7D-8C78-62E3AC45413A}.Debug|x86.ActiveCfg = Debug|Win32
		{D4D872F0-913E-4E7D-8C78-62E3AC45413A}.Debug|x86.Build.0 = Debug|Win32
		{D4D872F0-913E-4E7D-8C78-62E3AC45413A}.Release|x64.ActiveCfg = Release|x64
		{D4D872F0-913E-4E7D-8C78-62E3AC45413A}.Release|x64.Build.0 = Release|x64
		{D4D872F0-913E-4E7D-8C78-62E3AC45413A}.Release|x86.ActiveCfg = Release|Win32
		{D4D872F0-913E-4E7D-8C78-62E3AC45413A}.Release|x86.Build.0 = Release|Win32
		{613E7592-5055-4A66-9154-BDE5FF806E8B}.Debug|x64.ActiveCfg = Debug|x64
		{613E7592-5055-4A66-9154-BDE5FF806E8B}.Debug|x64.Build.0 = Debug|x64
		{613E7592-5055-4A66-9154-BDE5FF806E8B}.Debug|x86.ActiveCfg = Debug|Win32
		{613E7592-5055-4A66-9154-BDE5FF806E8B}.Debug|x86.Build.0 = Debug|Win32
		{613E7592-5055-4A66-9154-BDE5FF806E8B}.Release|x64.ActiveCfg = Release|x64
		{613E7592-5055-4A66-9154-BDE5FF806E8B}.Release|x64.Build.0 = Release|x64
		{613E7592-5055-4A66-9154-BDE5FF806E8B}.Release|x86.ActiveCfg = Release|Win32
		{613E7592-5055-4A66-9154-BDE5FF806E8B}.Release|x86.Build.0 = Release|Win32
		{8DF1595E-C41F-4EA1-A59E-6A5D88359039}.Debug|x64.ActiveCfg = Debug|x64
		{8DF1595E-C41F-4EA1-A59E-6A5D88359039}.Debug|x64.Build.0 = Debug|x64
		{8DF1595E-C41F-4EA1-A59E-6A5D88359039}.Debug|x86.ActiveCfg = Debug|Win32
		{8DF1595E-C41F-4EA1-A59E-6A5D88359039}.Debug|x86.Build.0 = Debug|Win32
		{8DF1595E-C41F-4EA1-A59E-6A5D88359039}.Release|x64.ActiveCfg = Release|x64
		{8DF1595E-C41F-4EA1-A59E-6A5D88359039}.Release|x64.Build.0 = Release|x64
		{8DF1595E-C41F-4EA1-A59E-6A5D88359039}.Release|x86.ActiveCfg = Release|Win32
		{8DF1595E-C41F-4EA1-A59E-6A5D88359039}.Release|x86.Build.0 = Release|Win32
		{0AEC3359-1A2E-4C76-9ACB-2166205F863C}.Debug|x64.ActiveCfg = Debug|x64
		{0AEC3359-1A2E-4C76-9ACB-2166205F863C}.Debug|x64.Build.0 = Debug|x64
		{0AEC3359-1A2E-4C76-9ACB-2166205F863C}.Debug|x86.ActiveCfg = Debug|Win32
		{0AEC3359-1A2E-4C76-9ACB-2166205F863C}.Debug|x86.Build.0 = Debug|Win32
		{0AEC3359-1A2E-4C76-9ACB-2166205F863C}.Release|x64.ActiveCfg = Release|x64
		{0AEC3359-1A2E-4C76-9ACB-2166205F863C}.Release|x64.Build.0 = Release|x64
		{0AEC3359-1A2E-4C76-9ACB-2166205F863C}.Release|x86.ActiveCfg = Release|Win32
		{0AEC3359-1A2E-4C76-9ACB-2166205F863C}.Release|x86.Build.0 = Release|Win32
		{FF08CF5B-25F7-472F-A9A5-D4BBD9F4FF02}.Debug|x64.ActiveCfg = Debug|x64
		{FF08CF5B-25F7-472F-A9A5-D4BBD9F4FF02}.Debug|x64.Build.0 = Debug|x64
		{FF08CF5B-25F7-472F-A9A5-D4BBD9F4FF02}.Debug|x86.ActiveCfg = Debug|Win32
		{FF08CF5B-25F7-472F-A9A5-D4BBD9F4FF02}.Debug|x86.Build.0 = Debug|Win32
		{FF08CF5B-25F7-472F-A9A5-D4BBD9F4FF02}.Release|x64.ActiveCfg = Release|x64
		{FF08CF5B-25F7-472F-A9A5-D4BBD9F4FF02}.Release|x64.Build.0 = Release|x64
		{FF08CF5B-25F7-472F-A9A5-D4BBD9F4FF02}.Release|x86.ActiveCfg = Release|Win32
		{FF08CF5B-25F7-472F-A9A5-D4BBD9F4FF02}.Release|x86.Build.0 = Release|Win32
		{289D9276-61B9-41A5-83BE-6D603672BB7E}.Debug|x64.ActiveCfg = Debug|x64
		{289D9276-61B9-41A5-83BE-6D603672BB7E}.Debug|x64.Build.0 = Debug|x64
		{289D9276-61B9-41A5-83BE-6D603672BB7E}.Debug|x86.ActiveCfg = Debug|Win32
		{289D9276-61B9-41A5-83BE-6D603672BB7E}.Debug|x86.Build.0 = Debug|Win32
		{289D9276-61B9-41A5-83BE-6D603672BB7E}.Release|x64.ActiveCfg = Release|x64
		{289D9276-61B9-41A5-83BE-6D603672BB7E}.Release|x64.Build.0 = Release|x64
		{289D9276-61B9-41A5-83BE-6D603672BB7E}.Release|x86.ActiveCfg = Release|Win32
		{289D9276-61B9-41A5-83BE-6D603672BB7E}.Release|x86.Build.0 = Release|Win32
		{E8986071-FE09-4115-921B-B88F29CDB433}.Debug|x64.ActiveCfg = Debug|x64
		{E8986071-FE09-4115-921B-B88F29CDB433}.Debug|x64.Build.0 = Debug|x64
		{E8986071-FE09-4115-921B-B88F29CDB433}.Debug|x86.ActiveCfg = Debug|Win32
		{E8986071-FE09-4115-921B-B88F29CDB433}.Debug|x86.Build.0 = Debug|Win32
		{E8986071-FE09-4115-921B-B88F29CDB433}.Release|x64.ActiveCfg = Release|x64
		{E8986071-FE09-4115-921B-B88F29CDB433}.Release|x64.Build.0 = Release|x64
		{E8986071-FE09-4115-921B-B88F29CDB433}.Release|x86.ActiveCfg = Release|Win32
		{E8986071-FE09-4115-921B-B88F29CDB433}.Release|x86.Build.0 = Release|Win32
		{6E2B55DB-E0FC-45AE-8857-31483A42A7FD}.Debug|x64.ActiveCfg = Debug|x64
		{6E2B55DB-E0FC-45AE-8857-31483A42A7FD}.Debug|x64.Build.0 = Debug|x64
		{6E2B55DB-E0FC-45AE-8857-31483A42A7FD}.Debug|x86.ActiveCfg = Debug|Win32
		{6E2B55DB-E0FC-45AE-8857-31483A42A7FD}.Debug|x86.Build.0 = Debug|Win32
		{6E2B55DB-E0FC-45AE-8857-31483A42A7FD}.Release|x64.ActiveCfg = Release|x64
		{6E2B55DB-E0FC-45AE-8857-31483A42A7FD}.Release|x64.Build.0 = Release|x64
		{6E2B55DB-E0FC-45AE-8857-31483A42A7FD}.Release|x86.ActiveCfg = Release|Win32
		{6E2B55DB-E0FC-45AE-8857-31483A42A7FD}.Release|x86.Build.0 = Release|Win32
		{5B36E517-C445-4104-BADB-FE37B97BCF51}.Debug|x64.ActiveCfg = Debug|x64
		{5B36E517-C445-4104-BADB-FE37B97BCF51}.Debug|x64.Build.0 = Debug|x64
		{5B36E517-C445-4104-BADB-FE37B97BCF51}.Debug|x86.ActiveCfg = Debug|Win32
		{5B36E517-C445-4104-BADB-FE37B97BCF51}.Debug|x86.Build.0 = Debug|Win32
		{5B36E517-C445-4104-BADB-FE37B97BCF51}.Release|x64.ActiveCfg = Release|x64
		{5B36E517-C445-4104-BADB-FE37B97BCF51}.Release|x64.Build.0 = Release|x64
		{5B36E517-C445-4104-BADB-FE37B97BCF51}.Release|x86.ActiveCfg = Release|Win32
		{5B36E517-C445-4104-BADB-FE37B97BCF51}.Release|x86.Build.0 = Release|Win32
		{35B80C6C-3D3B-47B2-A45B-CB486ADD85F2}.Debug|x64.ActiveCfg = Debug|x64
		{35B80C6C-3D3B-47B2-A45B-CB486ADD85F2}.Debug|x64.Build.0 = Debug|x64
		{35B80C6C-3D3B-47B2-A45B-CB486ADD85F2}.Debug|x86.ActiveCfg = Debug|Win32
		{35B80C6C-3D3B-47B2-A45B-CB486ADD85F2}.Debug|x86.Build.0 = Debug|Win32
		{35B80C6C-3D3B-47B2-A45B-CB486ADD85F2}.Release|x64.ActiveCfg = Release|x64
		{35B80C6C-3D3B-47B2-A45B-CB486ADD85F2}.Release|x64.Build.0 = Release|x64
		{35B80C6C-3D3B-47B2-A45B-CB486ADD85F2}.Release|x86.ActiveCfg = Release|Win32
		{35B80C6C-3D3B-47B2-A45B-CB486ADD85F2}.Release|x86.Build.0 = Release|Win32
		{3085523E-7EB8-4859-94C5-DE3EE9F4BFCC}.Debug|x64.ActiveCfg = Debug|x64
		{3085523E-7EB8-4859-94C5-DE3EE9F4BFCC}.Debug|x64.Build.0 = Debug|x64
		{3085523E-7EB8-4859-94C5-DE3EE9F4BFCC}.Debug|x86.ActiveCfg = Debug|Win32
		{3085523E-7EB8-4859-94C5-DE3EE9F4BFCC}.Debug|x86.Build.0 = Debug|Win32
		{3085523E-7EB8-4859-94C5-DE3EE9F4BFCC}.Release|x64.ActiveCfg = Release|x64
		{3085523E-7EB8-4859-94C5-DE3EE9F4BFCC}.Release|x64.Build.0 = Release|x64
		{3085523E-7EB8-4859-94C5-DE3EE9F4BFCC}.Release|x86.ActiveCfg = Release|Win32
		{3085523E-7EB8-4859-94C5-DE3EE9F4BFCC}.Release|x86.Build.0 = Release|Win32
		{71057A88-D42D-4793-8D65-6362CDEB3517}.Debug|x64.ActiveCfg = Debug|x64
		{71057A88-D42D-4793-8D65-6362CDEB3517}.Debug|x64.Build.0 = Debug|x64
		{71057A88-D42D-4793-8D65-6362CDEB3517}.Debug|x86.ActiveCfg = Debug|Win32
		{71057A88-D42D-4793-8D65-6362CDEB3517}.Debug|x86.Build.0 = Debug|Win32
		{71057A88-D42D-4793-8D65-6362CDEB3517}.Release|x64.ActiveCfg = Release|x64
		{71057A88-D42D-4793-8D65-6362CDEB3517}.Release|x64.Build.0 = Release|x64
		{71057A88-D42D-4793-8D65-6362CDEB3517}.Release|x86.ActiveCfg = Release|Win32
		{71057A88-D42D-4793-8D65-6362CDEB3517}.Release|x86.Build.0 = Release|Win32
	EndGlobalSection
	GlobalSection(SolutionProperties) = preSolution
		HideSolutionNode = FALSE
	EndGlobalSection
	GlobalSection(ExtensibilityGlobals) = postSolution
		SolutionGuid = {0A54DC6A-3E67-42BE-8546-37B7DBFF621E}
	EndGlobalSection
EndGlobal
